
Microsoft Visual Studio Solution File, Format Version 12.00
# Visual Studio Version 17
VisualStudioVersion = 17.9.34728.123
MinimumVisualStudioVersion = 10.0.40219.1
Project("{9A19103F-16F7-4668-BE54-9A1E7A4F7556}") = "CustomMembershipProvider.Core", "CustomMembershipProvider.Core\CustomMembershipProvider.Core.csproj", "{851F9A9F-F83D-4227-89A6-67D48861997F}"
EndProject
Project("{2150E333-8FDC-42A3-9474-1A3956D46DE8}") = "Solution Items", "Solution Items", "{E4A0BC46-B660-4DE3-94F0-015AE7E82C11}"
	ProjectSection(SolutionItems) = preProject
		.gitignore = .gitignore
		appsettings.example.json = appsettings.example.json
		README.md = README.md
	EndProjectSection
EndProject
Project("{FAE04EC0-301F-11D3-BF4B-00C04F79EFBC}") = "MembershipProviderConsoleTest", "MembershipProviderConsoleTest\MembershipProviderConsoleTest.csproj", "{76C83945-B0B5-4418-BD8C-9D31B1A86615}"
EndProject
Global
	GlobalSection(SolutionConfigurationPlatforms) = preSolution
		Debug|Any CPU = Debug|Any CPU
		Release|Any CPU = Release|Any CPU
	EndGlobalSection
	GlobalSection(ProjectConfigurationPlatforms) = postSolution
		{851F9A9F-F83D-4227-89A6-67D48861997F}.Debug|Any CPU.ActiveCfg = Debug|Any CPU
		{851F9A9F-F83D-4227-89A6-67D48861997F}.Debug|Any CPU.Build.0 = Debug|Any CPU
		{851F9A9F-F83D-4227-89A6-67D48861997F}.Release|Any CPU.ActiveCfg = Release|Any CPU
		{851F9A9F-F83D-4227-89A6-67D48861997F}.Release|Any CPU.Build.0 = Release|Any CPU
		{76C83945-B0B5-4418-BD8C-9D31B1A86615}.Debug|Any CPU.ActiveCfg = Debug|Any CPU
		{76C83945-B0B5-4418-BD8C-9D31B1A86615}.Debug|Any CPU.Build.0 = Debug|Any CPU
		{76C83945-B0B5-4418-BD8C-9D31B1A86615}.Release|Any CPU.ActiveCfg = Release|Any CPU
		{76C83945-B0B5-4418-BD8C-9D31B1A86615}.Release|Any CPU.Build.0 = Release|Any CPU
	EndGlobalSection
	GlobalSection(SolutionProperties) = preSolution
		HideSolutionNode = FALSE
	EndGlobalSection
	GlobalSection(ExtensibilityGlobals) = postSolution
		SolutionGuid = {10C25C6A-AB90-4717-BB6C-8835BAC9C7CC}
	EndGlobalSection
EndGlobal
